
Microsoft Visual Studio Solution File, Format Version 12.00
# Visual Studio 15
VisualStudioVersion = 15.0.27428.2043
MinimumVisualStudioVersion = 10.0.40219.1
Project("{8BC9CEB8-8B4A-11D0-8D11-00A0C91BC942}") = "HW4.1", "HW4.1\HW4.1.vcxproj", "{18B305B6-B8F1-41E3-9718-521998EFEDC9}"
EndProject
Global
	GlobalSection(SolutionConfigurationPlatforms) = preSolution
		Debug|x64 = Debug|x64
		Debug|x86 = Debug|x86
		Release|x64 = Release|x64
		Release|x86 = Release|x86
	EndGlobalSection
	GlobalSection(ProjectConfigurationPlatforms) = postSolution
		{18B305B6-B8F1-41E3-9718-521998EFEDC9}.Debug|x64.ActiveCfg = Debug|x64
		{18B305B6-B8F1-41E3-9718-521998EFEDC9}.Debug|x64.Build.0 = Debug|x64
		{18B305B6-B8F1-41E3-9718-521998EFEDC9}.Debug|x86.ActiveCfg = Debug|Win32
		{18B305B6-B8F1-41E3-9718-521998EFEDC9}.Debug|x86.Build.0 = Debug|Win32
		{18B305B6-B8F1-41E3-9718-521998EFEDC9}.Release|x64.ActiveCfg = Release|x64
		{18B305B6-B8F1-41E3-9718-521998EFEDC9}.Release|x64.Build.0 = Release|x64
		{18B305B6-B8F1-41E3-9718-521998EFEDC9}.Release|x86.ActiveCfg = Release|Win32
		{18B305B6-B8F1-41E3-9718-521998EFEDC9}.Release|x86.Build.0 = Release|Win32
	EndGlobalSection
	GlobalSection(SolutionProperties) = preSolution
		HideSolutionNode = FALSE
	EndGlobalSection
	GlobalSection(ExtensibilityGlobals) = postSolution
		SolutionGuid = {5227167E-ABB5-4E0B-8406-F088A6B11D26}
	EndGlobalSection
EndGlobal
